<?xml version="1.0" encoding="utf-8"?>
<Project ToolsVersion="17.0" xmlns="http://schemas.microsoft.com/developer/msbuild/2003">
  <ItemGroup>
    <ClCompile Include="C:\Tools\upwork\johanna\WinQuotePro\build\WinQuotePro_autogen\mocs_compilation_Debug.cpp">
      <Filter>Source Files</Filter>
    </ClCompile>
    <ClCompile Include="C:\Tools\upwork\johanna\WinQuotePro\main.cpp">
      <Filter>Source Files</Filter>
    </ClCompile>
    <ClCompile Include="C:\Tools\upwork\johanna\WinQuotePro\mainwindow.cpp">
      <Filter>Source Files</Filter>
    </ClCompile>
    <ClCompile Include="C:\Tools\upwork\johanna\WinQuotePro\pricer.cpp">
      <Filter>Source Files</Filter>
    </ClCompile>
    <ClCompile Include="C:\Tools\upwork\johanna\WinQuotePro\memorydatabase.cpp">
      <Filter>Source Files</Filter>
    </ClCompile>
    <ClCompile Include="C:\Tools\upwork\johanna\WinQuotePro\build\WinQuotePro_autogen\mocs_compilation_Release.cpp">
      <Filter>Source Files</Filter>
    </ClCompile>
    <ClCompile Include="C:\Tools\upwork\johanna\WinQuotePro\build\WinQuotePro_autogen\mocs_compilation_MinSizeRel.cpp">
      <Filter>Source Files</Filter>
    </ClCompile>
    <ClCompile Include="C:\Tools\upwork\johanna\WinQuotePro\build\WinQuotePro_autogen\mocs_compilation_RelWithDebInfo.cpp">
      <Filter>Source Files</Filter>
    </ClCompile>
  </ItemGroup>
  <ItemGroup>
    <ClInclude Include="C:\Tools\upwork\johanna\WinQuotePro\mainwindow.h">
      <Filter>Header Files</Filter>
    </ClInclude>
    <ClInclude Include="C:\Tools\upwork\johanna\WinQuotePro\pricer.h">
      <Filter>Header Files</Filter>
    </ClInclude>
    <ClInclude Include="C:\Tools\upwork\johanna\WinQuotePro\idatabase.h">
      <Filter>Header Files</Filter>
    </ClInclude>
    <ClInclude Include="C:\Tools\upwork\johanna\WinQuotePro\memorydatabase.h">
      <Filter>Header Files</Filter>
    </ClInclude>
  </ItemGroup>
  <ItemGroup>
    <CustomBuild Include="C:\Tools\upwork\johanna\WinQuotePro\CMakeLists.txt" />
  </ItemGroup>
  <ItemGroup>
    <Filter Include="Header Files">
      <UniqueIdentifier>{CB62A148-ECA6-3922-9765-FA0CBCC77D97}</UniqueIdentifier>
    </Filter>
    <Filter Include="Source Files">
      <UniqueIdentifier>{49EFF216-2387-38C3-93F3-401C9FFC8E26}</UniqueIdentifier>
    </Filter>
  </ItemGroup>
</Project>
